PODS:
  - OpenCV (3.2.0):
    - OpenCV/Dynamic (= 3.2.0)
  - OpenCV/Dynamic (3.2.0)

DEPENDENCIES:
  - OpenCV

SPEC REPOS:
  https://github.com/cocoapods/specs.git:
    - OpenCV

SPEC CHECKSUMS:
  OpenCV: 0f7ab403d1e81769bc6f4f524c3c6928ecb1fdb8

PODFILE CHECKSUM: e0422b97da2857201c832213d452de86034e6c9e

COCOAPODS: 1.5.3
