// !$*UTF8*$!
{
	archiveVersion = 1;
	classes = {
	};
	objectVersion = 50;
	objects = {

/* Begin PBXBuildFile section */
		BAC98538218B907A00DBCB84 /* AppDelegate.m in Sources */ = {isa = PBXBuildFile; fileRef = BAC98537218B907A00DBCB84 /* AppDelegate.m */; };
		BAC9853B218B907A00DBCB84 /* ViewController.m in Sources */ = {isa = PBXBuildFile; fileRef = BAC9853A218B907A00DBCB84 /* ViewController.m */; };
		BAC9853E218B907A00DBCB84 /* Main.storyboard in Resources */ = {isa = PBXBuildFile; fileRef = BAC9853C218B907A00DBCB84 /* Main.storyboard */; };
		BAC98540218B907B00DBCB84 /* Assets.xcassets in Resources */ = {isa = PBXBuildFile; fileRef = BAC9853F218B907B00DBCB84 /* Assets.xcassets */; };
		BAC98543218B907B00DBCB84 /* LaunchScreen.storyboard in Resources */ = {isa = PBXBuildFile; fileRef = BAC98541218B907B00DBCB84 /* LaunchScreen.storyboard */; };
		BAC98546218B907B00DBCB84 /* main.m in Sources */ = {isa = PBXBuildFile; fileRef = BAC98545218B907B00DBCB84 /* main.m */; };
		BAC98550218B907B00DBCB84 /* FallDetectionTests.m in Sources */ = {isa = PBXBuildFile; fileRef = BAC9854F218B907B00DBCB84 /* FallDetectionTests.m */; };
		BAC9855B218B907B00DBCB84 /* FallDetectionUITests.m in Sources */ = {isa = PBXBuildFile; fileRef = BAC9855A218B907B00DBCB84 /* FallDetectionUITests.m */; };
		BAC9856A218BA8DC00DBCB84 /* CoreMotion.framework in Frameworks */ = {isa = PBXBuildFile; fileRef = BAC98569218BA8DC00DBCB84 /* CoreMotion.framework */; };
/* End PBXBuildFile section */

/* Begin PBXContainerItemProxy section */
		BAC9854C218B907B00DBCB84 /* PBXContainerItemProxy */ = {
			isa = PBXContainerItemProxy;
			containerPortal = BAC9852B218B907A00DBCB84 /* Project object */;
			proxyType = 1;
			remoteGlobalIDString = BAC98532218B907A00DBCB84;
			remoteInfo = FallDetection;
		};
		BAC98557218B907B00DBCB84 /* PBXContainerItemProxy */ = {
			isa = PBXContainerItemProxy;
			containerPortal = BAC9852B218B907A00DBCB84 /* Project object */;
			proxyType = 1;
			remoteGlobalIDString = BAC98532218B907A00DBCB84;
			remoteInfo = FallDetection;
		};
/* End PBXContainerItemProxy section */

/* Begin PBXFileReference section */
		BAC98533218B907A00DBCB84 /* FallDetection.app */ = {isa = PBXFileReference; explicitFileType = wrapper.application; includeInIndex = 0; path = FallDetection.app; sourceTree = BUILT_PRODUCTS_DIR; };
		BAC98536218B907A00DBCB84 /* AppDelegate.h */ = {isa = PBXFileReference; lastKnownFileType = sourcecode.c.h; path = AppDelegate.h; sourceTree = "<group>"; };
		BAC98537218B907A00DBCB84 /* AppDelegate.m */ = {isa = PBXFileReference; lastKnownFileType = sourcecode.c.objc; path = AppDelegate.m; sourceTree = "<group>"; };
		BAC98539218B907A00DBCB84 /* ViewController.h */ = {isa = PBXFileReference; lastKnownFileType = sourcecode.c.h; path = ViewController.h; sourceTree = "<group>"; };
		BAC9853A218B907A00DBCB84 /* ViewController.m */ = {isa = PBXFileReference; lastKnownFileType = sourcecode.c.objc; path = ViewController.m; sourceTree = "<group>"; };
		BAC9853D218B907A00DBCB84 /* Base */ = {isa = PBXFileReference; lastKnownFileType = file.storyboard; name = Base; path = Base.lproj/Main.storyboard; sourceTree = "<group>"; };
		BAC9853F218B907B00DBCB84 /* Assets.xcassets */ = {isa = PBXFileReference; lastKnownFileType = folder.assetcatalog; path = Assets.xcassets; sourceTree = "<group>"; };
		BAC98542218B907B00DBCB84 /* Base */ = {isa = PBXFileReference; lastKnownFileType = file.storyboard; name = Base; path = Base.lproj/LaunchScreen.storyboard; sourceTree = "<group>"; };
		BAC98544218B907B00DBCB84 /* Info.plist */ = {isa = PBXFileReference; lastKnownFileType = text.plist.xml; path = Info.plist; sourceTree = "<group>"; };
		BAC98545218B907B00DBCB84 /* main.m */ = {isa = PBXFileReference; lastKnownFileType = sourcecode.c.objc; path = main.m; sourceTree = "<group>"; };
		BAC9854B218B907B00DBCB84 /* FallDetectionTests.xctest */ = {isa = PBXFileReference; explicitFileType = wrapper.cfbundle; includeInIndex = 0; path = FallDetectionTests.xctest; sourceTree = BUILT_PRODUCTS_DIR; };
		BAC9854F218B907B00DBCB84 /* FallDetectionTests.m */ = {isa = PBXFileReference; lastKnownFileType = sourcecode.c.objc; path = FallDetectionTests.m; sourceTree = "<group>"; };
		BAC98551218B907B00DBCB84 /* Info.plist */ = {isa = PBXFileReference; lastKnownFileType = text.plist.xml; path = Info.plist; sourceTree = "<group>"; };
		BAC98556218B907B00DBCB84 /* FallDetectionUITests.xctest */ = {isa = PBXFileReference; explicitFileType = wrapper.cfbundle; includeInIndex = 0; path = FallDetectionUITests.xctest; sourceTree = BUILT_PRODUCTS_DIR; };
		BAC9855A218B907B00DBCB84 /* FallDetectionUITests.m */ = {isa = PBXFileReference; lastKnownFileType = sourcecode.c.objc; path = FallDetectionUITests.m; sourceTree = "<group>"; };
		BAC9855C218B907B00DBCB84 /* Info.plist */ = {isa = PBXFileReference; lastKnownFileType = text.plist.xml; path = Info.plist; sourceTree = "<group>"; };
		BAC98569218BA8DC00DBCB84 /* CoreMotion.framework */ = {isa = PBXFileReference; lastKnownFileType = wrapper.framework; name = CoreMotion.framework; path = System/Library/Frameworks/CoreMotion.framework; sourceTree = SDKROOT; };
/* End PBXFileReference section */

/* Begin PBXFrameworksBuildPhase section */
		BAC98530218B907A00DBCB84 /* Frameworks */ = {
			isa = PBXFrameworksBuildPhase;
			buildActionMask = 2147483647;
			files = (
				BAC9856A218BA8DC00DBCB84 /* CoreMotion.framework in Frameworks */,
			);
			runOnlyForDeploymentPostprocessing = 0;
		};
		BAC98548218B907B00DBCB84 /* Frameworks */ = {
			isa = PBXFrameworksBuildPhase;
			buildActionMask = 2147483647;
			files = (
			);
			runOnlyForDeploymentPostprocessing = 0;
		};
		BAC98553218B907B00DBCB84 /* Frameworks */ = {
			isa = PBXFrameworksBuildPhase;
			buildActionMask = 2147483647;
			files = (
			);
			runOnlyForDeploymentPostprocessing = 0;
		};
/* End PBXFrameworksBuildPhase section */

/* Begin PBXGroup section */
		BAC9852A218B907A00DBCB84 = {
			isa = PBXGroup;
			children = (
				BAC98535218B907A00DBCB84 /* FallDetection */,
				BAC9854E218B907B00DBCB84 /* FallDetectionTests */,
				BAC98559218B907B00DBCB84 /* FallDetectionUITests */,
				BAC98534218B907A00DBCB84 /* Products */,
				BAC98568218BA8DC00DBCB84 /* Frameworks */,
			);
			sourceTree = "<group>";
		};
		BAC98534218B907A00DBCB84 /* Products */ = {
			isa = PBXGroup;
			children = (
				BAC98533218B907A00DBCB84 /* FallDetection.app */,
				BAC9854B218B907B00DBCB84 /* FallDetectionTests.xctest */,
				BAC98556218B907B00DBCB84 /* FallDetectionUITests.xctest */,
			);
			name = Products;
			sourceTree = "<group>";
		};
		BAC98535218B907A00DBCB84 /* FallDetection */ = {
			isa = PBXGroup;
			children = (
				BAC98536218B907A00DBCB84 /* AppDelegate.h */,
				BAC98537218B907A00DBCB84 /* AppDelegate.m */,
				BAC98539218B907A00DBCB84 /* ViewController.h */,
				BAC9853A218B907A00DBCB84 /* ViewController.m */,
				BAC9853C218B907A00DBCB84 /* Main.storyboard */,
				BAC9853F218B907B00DBCB84 /* Assets.xcassets */,
				BAC98541218B907B00DBCB84 /* LaunchScreen.storyboard */,
				BAC98544218B907B00DBCB84 /* Info.plist */,
				BAC98545218B907B00DBCB84 /* main.m */,
			);
			path = FallDetection;
			sourceTree = "<group>";
		};
		BAC9854E218B907B00DBCB84 /* FallDetectionTests */ = {
			isa = PBXGroup;
			children = (
				BAC9854F218B907B00DBCB84 /* FallDetectionTests.m */,
				BAC98551218B907B00DBCB84 /* Info.plist */,
			);
			path = FallDetectionTests;
			sourceTree = "<group>";
		};
		BAC98559218B907B00DBCB84 /* FallDetectionUITests */ = {
			isa = PBXGroup;
			children = (
				BAC9855A218B907B00DBCB84 /* FallDetectionUITests.m */,
				BAC9855C218B907B00DBCB84 /* Info.plist */,
			);
			path = FallDetectionUITests;
			sourceTree = "<group>";
		};
		BAC98568218BA8DC00DBCB84 /* Frameworks */ = {
			isa = PBXGroup;
			children = (
				BAC98569218BA8DC00DBCB84 /* CoreMotion.framework */,
			);
			name = Frameworks;
			sourceTree = "<group>";
		};
/* End PBXGroup section */

/* Begin PBXNativeTarget section */
		BAC98532218B907A00DBCB84 /* FallDetection */ = {
			isa = PBXNativeTarget;
			buildConfigurationList = BAC9855F218B907B00DBCB84 /* Build configuration list for PBXNativeTarget "FallDetection" */;
			buildPhases = (
				BAC9852F218B907A00DBCB84 /* Sources */,
				BAC98530218B907A00DBCB84 /* Frameworks */,
				BAC98531218B907A00DBCB84 /* Resources */,
			);
			buildRules = (
			);
			dependencies = (
			);
			name = FallDetection;
			productName = FallDetection;
			productReference = BAC98533218B907A00DBCB84 /* FallDetection.app */;
			productType = "com.apple.product-type.application";
		};
		BAC9854A218B907B00DBCB84 /* FallDetectionTests */ = {
			isa = PBXNativeTarget;
			buildConfigurationList = BAC98562218B907B00DBCB84 /* Build configuration list for PBXNativeTarget "FallDetectionTests" */;
			buildPhases = (
				BAC98547218B907B00DBCB84 /* Sources */,
				BAC98548218B907B00DBCB84 /* Frameworks */,
				BAC98549218B907B00DBCB84 /* Resources */,
			);
			buildRules = (
			);
			dependencies = (
				BAC9854D218B907B00DBCB84 /* PBXTargetDependency */,
			);
			name = FallDetectionTests;
			productName = FallDetectionTests;
			productReference = BAC9854B218B907B00DBCB84 /* FallDetectionTests.xctest */;
			productType = "com.apple.product-type.bundle.unit-test";
		};
		BAC98555218B907B00DBCB84 /* FallDetectionUITests */ = {
			isa = PBXNativeTarget;
			buildConfigurationList = BAC98565218B907B00DBCB84 /* Build configuration list for PBXNativeTarget "FallDetectionUITests" */;
			buildPhases = (
				BAC98552218B907B00DBCB84 /* Sources */,
				BAC98553218B907B00DBCB84 /* Frameworks */,
				BAC98554218B907B00DBCB84 /* Resources */,
			);
			buildRules = (
			);
			dependencies = (
				BAC98558218B907B00DBCB84 /* PBXTargetDependency */,
			);
			name = FallDetectionUITests;
			productName = FallDetectionUITests;
			productReference = BAC98556218B907B00DBCB84 /* FallDetectionUITests.xctest */;
			productType = "com.apple.product-type.bundle.ui-testing";
		};
/* End PBXNativeTarget section */

/* Begin PBXProject section */
		BAC9852B218B907A00DBCB84 /* Project object */ = {
			isa = PBXProject;
			attributes = {
				LastUpgradeCheck = 0940;
				ORGANIZATIONNAME = akshay;
				TargetAttributes = {
					BAC98532218B907A00DBCB84 = {
						CreatedOnToolsVersion = 9.4.1;
					};
					BAC9854A218B907B00DBCB84 = {
						CreatedOnToolsVersion = 9.4.1;
						TestTargetID = BAC98532218B907A00DBCB84;
					};
					BAC98555218B907B00DBCB84 = {
						CreatedOnToolsVersion = 9.4.1;
						TestTargetID = BAC98532218B907A00DBCB84;
					};
				};
			};
			buildConfigurationList = BAC9852E218B907A00DBCB84 /* Build configuration list for PBXProject "FallDetection" */;
			compatibilityVersion = "Xcode 9.3";
			developmentRegion = en;
			hasScannedForEncodings = 0;
			knownRegions = (
				en,
				Base,
			);
			mainGroup = BAC9852A218B907A00DBCB84;
			productRefGroup = BAC98534218B907A00DBCB84 /* Products */;
			projectDirPath = "";
			projectRoot = "";
			targets = (
				BAC98532218B907A00DBCB84 /* FallDetection */,
				BAC9854A218B907B00DBCB84 /* FallDetectionTests */,
				BAC98555218B907B00DBCB84 /* FallDetectionUITests */,
			);
		};
/* End PBXProject section */

/* Begin PBXResourcesBuildPhase section */
		BAC98531218B907A00DBCB84 /* Resources */ = {
			isa = PBXResourcesBuildPhase;
			buildActionMask = 2147483647;
			files = (
				BAC98543218B907B00DBCB84 /* LaunchScreen.storyboard in Resources */,
				BAC98540218B907B00DBCB84 /* Assets.xcassets in Resources */,
				BAC9853E218B907A00DBCB84 /* Main.storyboard in Resources */,
			);
			runOnlyForDeploymentPostprocessing = 0;
		};
		BAC98549218B907B00DBCB84 /* Resources */ = {
			isa = PBXResourcesBuildPhase;
			buildActionMask = 2147483647;
			files = (
			);
			runOnlyForDeploymentPostprocessing = 0;
		};
		BAC98554218B907B00DBCB84 /* Resources */ = {
			isa = PBXResourcesBuildPhase;
			buildActionMask = 2147483647;
			files = (
			);
			runOnlyForDeploymentPostprocessing = 0;
		};
/* End PBXResourcesBuildPhase section */

/* Begin PBXSourcesBuildPhase section */
		BAC9852F218B907A00DBCB84 /* Sources */ = {
			isa = PBXSourcesBuildPhase;
			buildActionMask = 2147483647;
			files = (
				BAC9853B218B907A00DBCB84 /* ViewController.m in Sources */,
				BAC98546218B907B00DBCB84 /* main.m in Sources */,
				BAC98538218B907A00DBCB84 /* AppDelegate.m in Sources */,
			);
			runOnlyForDeploymentPostprocessing = 0;
		};
		BAC98547218B907B00DBCB84 /* Sources */ = {
			isa = PBXSourcesBuildPhase;
			buildActionMask = 2147483647;
			files = (
				BAC98550218B907B00DBCB84 /* FallDetectionTests.m in Sources */,
			);
			runOnlyForDeploymentPostprocessing = 0;
		};
		BAC98552218B907B00DBCB84 /* Sources */ = {
			isa = PBXSourcesBuildPhase;
			buildActionMask = 2147483647;
			files = (
				BAC9855B218B907B00DBCB84 /* FallDetectionUITests.m in Sources */,
			);
			runOnlyForDeploymentPostprocessing = 0;
		};
/* End PBXSourcesBuildPhase section */

/* Begin PBXTargetDependency section */
		BAC9854D218B907B00DBCB84 /* PBXTargetDependency */ = {
			isa = PBXTargetDependency;
			target = BAC98532218B907A00DBCB84 /* FallDetection */;
			targetProxy = BAC9854C218B907B00DBCB84 /* PBXContainerItemProxy */;
		};
		BAC98558218B907B00DBCB84 /* PBXTargetDependency */ = {
			isa = PBXTargetDependency;
			target = BAC98532218B907A00DBCB84 /* FallDetection */;
			targetProxy = BAC98557218B907B00DBCB84 /* PBXContainerItemProxy */;
		};
/* End PBXTargetDependency section */

/* Begin PBXVariantGroup section */
		BAC9853C218B907A00DBCB84 /* Main.storyboard */ = {
			isa = PBXVariantGroup;
			children = (
				BAC9853D218B907A00DBCB84 /* Base */,
			);
			name = Main.storyboard;
			sourceTree = "<group>";
		};
		BAC98541218B907B00DBCB84 /* LaunchScreen.storyboard */ = {
			isa = PBXVariantGroup;
			children = (
				BAC98542218B907B00DBCB84 /* Base */,
			);
			name = LaunchScreen.storyboard;
			sourceTree = "<group>";
		};
/* End PBXVariantGroup section */

/* Begin XCBuildConfiguration section */
		BAC9855D218B907B00DBCB84 /* Debug */ = {
			isa = XCBuildConfiguration;
			buildSettings = {
				ALWAYS_SEARCH_USER_PATHS = NO;
				CLANG_ANALYZER_NONNULL = YES;
				CLANG_ANALYZER_NUMBER_OBJECT_CONVERSION = YES_AGGRESSIVE;
				CLANG_CXX_LANGUAGE_STANDARD = "gnu++14";
				CLANG_CXX_LIBRARY = "libc++";
				CLANG_ENABLE_MODULES = YES;
				CLANG_ENABLE_OBJC_ARC = YES;
				CLANG_ENABLE_OBJC_WEAK = YES;
				CLANG_WARN_BLOCK_CAPTURE_AUTORELEASING = YES;
				CLANG_WARN_BOOL_CONVERSION = YES;
				CLANG_WARN_COMMA = YES;
				CLANG_WARN_CONSTANT_CONVERSION = YES;
				CLANG_WARN_DEPRECATED_OBJC_IMPLEMENTATIONS = YES;
				CLANG_WARN_DIRECT_OBJC_ISA_USAGE = YES_ERROR;
				CLANG_WARN_DOCUMENTATION_COMMENTS = YES;
				CLANG_WARN_EMPTY_BODY = YES;
				CLANG_WARN_ENUM_CONVERSION = YES;
				CLANG_WARN_INFINITE_RECURSION = YES;
				CLANG_WARN_INT_CONVERSION = YES;
				CLANG_WARN_NON_LITERAL_NULL_CONVERSION = YES;
				CLANG_WARN_OBJC_IMPLICIT_RETAIN_SELF = YES;
				CLANG_WARN_OBJC_LITERAL_CONVERSION = YES;
				CLANG_WARN_OBJC_ROOT_CLASS = YES_ERROR;
				CLANG_WARN_RANGE_LOOP_ANALYSIS = YES;
				CLANG_WARN_STRICT_PROTOTYPES = YES;
				CLANG_WARN_SUSPICIOUS_MOVE = YES;
				CLANG_WARN_UNGUARDED_AVAILABILITY = YES_AGGRESSIVE;
				CLANG_WARN_UNREACHABLE_CODE = YES;
				CLANG_WARN__DUPLICATE_METHOD_MATCH = YES;
				CODE_SIGN_IDENTITY = "iPhone Developer";
				COPY_PHASE_STRIP = NO;
				DEBUG_INFORMATION_FORMAT = dwarf;
				ENABLE_STRICT_OBJC_MSGSEND = YES;
				ENABLE_TESTABILITY = YES;
				GCC_C_LANGUAGE_STANDARD = gnu11;
				GCC_DYNAMIC_NO_PIC = NO;
				GCC_NO_COMMON_BLOCKS = YES;
				GCC_OPTIMIZATION_LEVEL = 0;
				GCC_PREPROCESSOR_DEFINITIONS = (
					"DEBUG=1",
					"$(inherited)",
				);
				GCC_WARN_64_TO_32_BIT_CONVERSION = YES;
				GCC_WARN_ABOUT_RETURN_TYPE = YES_ERROR;
				GCC_WARN_UNDECLARED_SELECTOR = YES;
				GCC_WARN_UNINITIALIZED_AUTOS = YES_AGGRESSIVE;
				GCC_WARN_UNUSED_FUNCTION = YES;
				GCC_WARN_UNUSED_VARIABLE = YES;
				IPHONEOS_DEPLOYMENT_TARGET = 11.4;
				MTL_ENABLE_DEBUG_INFO = YES;
				ONLY_ACTIVE_ARCH = YES;
				SDKROOT = iphoneos;
			};
			name = Debug;
		};
		BAC9855E218B907B00DBCB84 /* Release */ = {
			isa = XCBuildConfiguration;
			buildSettings = {
				ALWAYS_SEARCH_USER_PATHS = NO;
				CLANG_ANALYZER_NONNULL = YES;
				CLANG_ANALYZER_NUMBER_OBJECT_CONVERSION = YES_AGGRESSIVE;
				CLANG_CXX_LANGUAGE_STANDARD = "gnu++14";
				CLANG_CXX_LIBRARY = "libc++";
				CLANG_ENABLE_MODULES = YES;
				CLANG_ENABLE_OBJC_ARC = YES;
				CLANG_ENABLE_OBJC_WEAK = YES;
				CLANG_WARN_BLOCK_CAPTURE_AUTORELEASING = YES;
				CLANG_WARN_BOOL_CONVERSION = YES;
				CLANG_WARN_COMMA = YES;
				CLANG_WARN_CONSTANT_CONVERSION = YES;
				CLANG_WARN_DEPRECATED_OBJC_IMPLEMENTATIONS = YES;
				CLANG_WARN_DIRECT_OBJC_ISA_USAGE = YES_ERROR;
				CLANG_WARN_DOCUMENTATION_COMMENTS = YES;
				CLANG_WARN_EMPTY_BODY = YES;
				CLANG_WARN_ENUM_CONVERSION = YES;
				CLANG_WARN_INFINITE_RECURSION = YES;
				CLANG_WARN_INT_CONVERSION = YES;
				CLANG_WARN_NON_LITERAL_NULL_CONVERSION = YES;
				CLANG_WARN_OBJC_IMPLICIT_RETAIN_SELF = YES;
				CLANG_WARN_OBJC_LITERAL_CONVERSION = YES;
				CLANG_WARN_OBJC_ROOT_CLASS = YES_ERROR;
				CLANG_WARN_RANGE_LOOP_ANALYSIS = YES;
				CLANG_WARN_STRICT_PROTOTYPES = YES;
				CLANG_WARN_SUSPICIOUS_MOVE = YES;
				CLANG_WARN_UNGUARDED_AVAILABILITY = YES_AGGRESSIVE;
				CLANG_WARN_UNREACHABLE_CODE = YES;
				CLANG_WARN__DUPLICATE_METHOD_MATCH = YES;
				CODE_SIGN_IDENTITY = "iPhone Developer";
				COPY_PHASE_STRIP = NO;
				DEBUG_INFORMATION_FORMAT = "dwarf-with-dsym";
				ENABLE_NS_ASSERTIONS = NO;
				ENABLE_STRICT_OBJC_MSGSEND = YES;
				GCC_C_LANGUAGE_STANDARD = gnu11;
				GCC_NO_COMMON_BLOCKS = YES;
				GCC_WARN_64_TO_32_BIT_CONVERSION = YES;
				GCC_WARN_ABOUT_RETURN_TYPE = YES_ERROR;
				GCC_WARN_UNDECLARED_SELECTOR = YES;
				GCC_WARN_UNINITIALIZED_AUTOS = YES_AGGRESSIVE;
				GCC_WARN_UNUSED_FUNCTION = YES;
				GCC_WARN_UNUSED_VARIABLE = YES;
				IPHONEOS_DEPLOYMENT_TARGET = 11.4;
				MTL_ENABLE_DEBUG_INFO = NO;
				SDKROOT = iphoneos;
				VALIDATE_PRODUCT = YES;
			};
			name = Release;
		};
		BAC98560218B907B00DBCB84 /* Debug */ = {
			isa = XCBuildConfiguration;
			buildSettings = {
				ASSETCATALOG_COMPILER_APPICON_NAME = AppIcon;
				CODE_SIGN_STYLE = Automatic;
				DEVELOPMENT_TEAM = Z6XABZ2FQ5;
				INFOPLIST_FILE = FallDetection/Info.plist;
				LD_RUNPATH_SEARCH_PATHS = (
					"$(inherited)",
					"@executable_path/Frameworks",
				);
				PRODUCT_BUNDLE_IDENTIFIER = com.ballertv.FallDetection;
				PRODUCT_NAME = "$(TARGET_NAME)";
				TARGETED_DEVICE_FAMILY = "1,2";
			};
			name = Debug;
		};
		BAC98561218B907B00DBCB84 /* Release */ = {
			isa = XCBuildConfiguration;
			buildSettings = {
				ASSETCATALOG_COMPILER_APPICON_NAME = AppIcon;
				CODE_SIGN_STYLE = Automatic;
				DEVELOPMENT_TEAM = Z6XABZ2FQ5;
				INFOPLIST_FILE = FallDetection/Info.plist;
				LD_RUNPATH_SEARCH_PATHS = (
					"$(inherited)",
					"@executable_path/Frameworks",
				);
				PRODUCT_BUNDLE_IDENTIFIER = com.ballertv.FallDetection;
				PRODUCT_NAME = "$(TARGET_NAME)";
				TARGETED_DEVICE_FAMILY = "1,2";
			};
			name = Release;
		};
		BAC98563218B907B00DBCB84 /* Debug */ = {
			isa = XCBuildConfiguration;
			buildSettings = {
				BUNDLE_LOADER = "$(TEST_HOST)";
				CODE_SIGN_STYLE = Automatic;
				INFOPLIST_FILE = FallDetectionTests/Info.plist;
				LD_RUNPATH_SEARCH_PATHS = (
					"$(inherited)",
					"@executable_path/Frameworks",
					"@loader_path/Frameworks",
				);
				PRODUCT_BUNDLE_IDENTIFIER = com.ballertv.FallDetectionTests;
				PRODUCT_NAME = "$(TARGET_NAME)";
				TARGETED_DEVICE_FAMILY = "1,2";
				TEST_HOST = "$(BUILT_PRODUCTS_DIR)/FallDetection.app/FallDetection";
			};
			name = Debug;
		};
		BAC98564218B907B00DBCB84 /* Release */ = {
			isa = XCBuildConfiguration;
			buildSettings = {
				BUNDLE_LOADER = "$(TEST_HOST)";
				CODE_SIGN_STYLE = Automatic;
				INFOPLIST_FILE = FallDetectionTests/Info.plist;
				LD_RUNPATH_SEARCH_PATHS = (
					"$(inherited)",
					"@executable_path/Frameworks",
					"@loader_path/Frameworks",
				);
				PRODUCT_BUNDLE_IDENTIFIER = com.ballertv.FallDetectionTests;
				PRODUCT_NAME = "$(TARGET_NAME)";
				TARGETED_DEVICE_FAMILY = "1,2";
				TEST_HOST = "$(BUILT_PRODUCTS_DIR)/FallDetection.app/FallDetection";
			};
			name = Release;
		};
		BAC98566218B907B00DBCB84 /* Debug */ = {
			isa = XCBuildConfiguration;
			buildSettings = {
				CODE_SIGN_STYLE = Automatic;
				INFOPLIST_FILE = FallDetectionUITests/Info.plist;
				LD_RUNPATH_SEARCH_PATHS = (
					"$(inherited)",
					"@executable_path/Frameworks",
					"@loader_path/Frameworks",
				);
				PRODUCT_BUNDLE_IDENTIFIER = com.ballertv.FallDetectionUITests;
				PRODUCT_NAME = "$(TARGET_NAME)";
				TARGETED_DEVICE_FAMILY = "1,2";
				TEST_TARGET_NAME = FallDetection;
			};
			name = Debug;
		};
		BAC98567218B907B00DBCB84 /* Release */ = {
			isa = XCBuildConfiguration;
			buildSettings = {
				CODE_SIGN_STYLE = Automatic;
				INFOPLIST_FILE = FallDetectionUITests/Info.plist;
				LD_RUNPATH_SEARCH_PATHS = (
					"$(inherited)",
					"@executable_path/Frameworks",
					"@loader_path/Frameworks",
				);
				PRODUCT_BUNDLE_IDENTIFIER = com.ballertv.FallDetectionUITests;
				PRODUCT_NAME = "$(TARGET_NAME)";
				TARGETED_DEVICE_FAMILY = "1,2";
				TEST_TARGET_NAME = FallDetection;
			};
			name = Release;
		};
/* End XCBuildConfiguration section */

/* Begin XCConfigurationList section */
		BAC9852E218B907A00DBCB84 /* Build configuration list for PBXProject "FallDetection" */ = {
			isa = XCConfigurationList;
			buildConfigurations = (
				BAC9855D218B907B00DBCB84 /* Debug */,
				BAC9855E218B907B00DBCB84 /* Release */,
			);
			defaultConfigurationIsVisible = 0;
			defaultConfigurationName = Release;
		};
		BAC9855F218B907B00DBCB84 /* Build configuration list for PBXNativeTarget "FallDetection" */ = {
			isa = XCConfigurationList;
			buildConfigurations = (
				BAC98560218B907B00DBCB84 /* Debug */,
				BAC98561218B907B00DBCB84 /* Release */,
			);
			defaultConfigurationIsVisible = 0;
			defaultConfigurationName = Release;
		};
		BAC98562218B907B00DBCB84 /* Build configuration list for PBXNativeTarget "FallDetectionTests" */ = {
			isa = XCConfigurationList;
			buildConfigurations = (
				BAC98563218B907B00DBCB84 /* Debug */,
				BAC98564218B907B00DBCB84 /* Release */,
			);
			defaultConfigurationIsVisible = 0;
			defaultConfigurationName = Release;
		};
		BAC98565218B907B00DBCB84 /* Build configuration list for PBXNativeTarget "FallDetectionUITests" */ = {
			isa = XCConfigurationList;
			buildConfigurations = (
				BAC98566218B907B00DBCB84 /* Debug */,
				BAC98567218B907B00DBCB84 /* Release */,
			);
			defaultConfigurationIsVisible = 0;
			defaultConfigurationName = Release;
		};
/* End XCConfigurationList section */
	};
	rootObject = BAC9852B218B907A00DBCB84 /* Project object */;
}
